// !$*UTF8*$!
{
	archiveVersion = 1;
	classes = {
	};
	objectVersion = 50;
	objects = {

/* Begin PBXBuildFile section */
		D90D56DD2197B29900FF646E /* sample1.jpg in Resources */ = {isa = PBXBuildFile; fileRef = D90D56DC2197B29900FF646E /* sample1.jpg */; };
		D91B41BD21927D35006B05D0 /* AppDelegate.swift in Sources */ = {isa = PBXBuildFile; fileRef = D91B41BC21927D35006B05D0 /* AppDelegate.swift */; };
		D91B41BF21927D35006B05D0 /* ViewController.swift in Sources */ = {isa = PBXBuildFile; fileRef = D91B41BE21927D35006B05D0 /* ViewController.swift */; };
		D91B41C221927D35006B05D0 /* Main.storyboard in Resources */ = {isa = PBXBuildFile; fileRef = D91B41C021927D35006B05D0 /* Main.storyboard */; };
		D91B41C421927D35006B05D0 /* Assets.xcassets in Resources */ = {isa = PBXBuildFile; fileRef = D91B41C321927D35006B05D0 /* Assets.xcassets */; };
		D91B41C721927D35006B05D0 /* LaunchScreen.storyboard in Resources */ = {isa = PBXBuildFile; fileRef = D91B41C521927D35006B05D0 /* LaunchScreen.storyboard */; };
		D91B41CF21929827006B05D0 /* HomeTable.swift in Sources */ = {isa = PBXBuildFile; fileRef = D91B41CE21929827006B05D0 /* HomeTable.swift */; };
		D91B41D12192987F006B05D0 /* ProductsCollection.swift in Sources */ = {isa = PBXBuildFile; fileRef = D91B41D02192987F006B05D0 /* ProductsCollection.swift */; };
		D91B41D521929906006B05D0 /* FeatureCell.swift in Sources */ = {isa = PBXBuildFile; fileRef = D91B41D421929906006B05D0 /* FeatureCell.swift */; };
		D91B41D721929939006B05D0 /* CategoryCell.swift in Sources */ = {isa = PBXBuildFile; fileRef = D91B41D621929939006B05D0 /* CategoryCell.swift */; };
		D9AA1A332195D8770000584F /* SecondViewController.swift in Sources */ = {isa = PBXBuildFile; fileRef = D9AA1A322195D8770000584F /* SecondViewController.swift */; };
		D9AA1A372195F5B50000584F /* ThirdViewController.swift in Sources */ = {isa = PBXBuildFile; fileRef = D9AA1A362195F5B50000584F /* ThirdViewController.swift */; };
		D9FA75682197C1AF00EC8F2A /* GoogleService-Info (3).plist in Resources */ = {isa = PBXBuildFile; fileRef = D9FA75672197C1AF00EC8F2A /* GoogleService-Info (3).plist */; };
		D9FA756A2197CFBE00EC8F2A /* hoge.swift in Sources */ = {isa = PBXBuildFile; fileRef = D9FA75692197CFBE00EC8F2A /* hoge.swift */; };
		D9FA756C2198132900EC8F2A /* ProductCell.swift in Sources */ = {isa = PBXBuildFile; fileRef = D9FA756B2198132900EC8F2A /* ProductCell.swift */; };
		E5A6AE53D8A5603B2A591893 /* Pods_Ecommerce_Home.framework in Frameworks */ = {isa = PBXBuildFile; fileRef = 8F331AC3E301A8D2C1A73719 /* Pods_Ecommerce_Home.framework */; };
/* End PBXBuildFile section */

/* Begin PBXFileReference section */
		2EEAC35E2F8E7C4163BF52ED /* Pods-Ecommerce Home.release.xcconfig */ = {isa = PBXFileReference; includeInIndex = 1; lastKnownFileType = text.xcconfig; name = "Pods-Ecommerce Home.release.xcconfig"; path = "Pods/Target Support Files/Pods-Ecommerce Home/Pods-Ecommerce Home.release.xcconfig"; sourceTree = "<group>"; };
		8F331AC3E301A8D2C1A73719 /* Pods_Ecommerce_Home.framework */ = {isa = PBXFileReference; explicitFileType = wrapper.framework; includeInIndex = 0; path = Pods_Ecommerce_Home.framework; sourceTree = BUILT_PRODUCTS_DIR; };
		945714D8114B4E705454450A /* Pods-Ecommerce Home.debug.xcconfig */ = {isa = PBXFileReference; includeInIndex = 1; lastKnownFileType = text.xcconfig; name = "Pods-Ecommerce Home.debug.xcconfig"; path = "Pods/Target Support Files/Pods-Ecommerce Home/Pods-Ecommerce Home.debug.xcconfig"; sourceTree = "<group>"; };
		D90D56DC2197B29900FF646E /* sample1.jpg */ = {isa = PBXFileReference; lastKnownFileType = image.jpeg; path = sample1.jpg; sourceTree = "<group>"; };
		D91B41B921927D35006B05D0 /* Ecommerce Home.app */ = {isa = PBXFileReference; explicitFileType = wrapper.application; includeInIndex = 0; path = "Ecommerce Home.app"; sourceTree = BUILT_PRODUCTS_DIR; };
		D91B41BC21927D35006B05D0 /* AppDelegate.swift */ = {isa = PBXFileReference; lastKnownFileType = sourcecode.swift; path = AppDelegate.swift; sourceTree = "<group>"; };
		D91B41BE21927D35006B05D0 /* ViewController.swift */ = {isa = PBXFileReference; lastKnownFileType = sourcecode.swift; path = ViewController.swift; sourceTree = "<group>"; };
		D91B41C121927D35006B05D0 /* Base */ = {isa = PBXFileReference; lastKnownFileType = file.storyboard; name = Base; path = Base.lproj/Main.storyboard; sourceTree = "<group>"; };
		D91B41C321927D35006B05D0 /* Assets.xcassets */ = {isa = PBXFileReference; lastKnownFileType = folder.assetcatalog; path = Assets.xcassets; sourceTree = "<group>"; };
		D91B41C621927D35006B05D0 /* Base */ = {isa = PBXFileReference; lastKnownFileType = file.storyboard; name = Base; path = Base.lproj/LaunchScreen.storyboard; sourceTree = "<group>"; };
		D91B41C821927D35006B05D0 /* Info.plist */ = {isa = PBXFileReference; lastKnownFileType = text.plist.xml; path = Info.plist; sourceTree = "<group>"; };
		D91B41CE21929827006B05D0 /* HomeTable.swift */ = {isa = PBXFileReference; lastKnownFileType = sourcecode.swift; path = HomeTable.swift; sourceTree = "<group>"; };
		D91B41D02192987F006B05D0 /* ProductsCollection.swift */ = {isa = PBXFileReference; lastKnownFileType = sourcecode.swift; path = ProductsCollection.swift; sourceTree = "<group>"; };
		D91B41D421929906006B05D0 /* FeatureCell.swift */ = {isa = PBXFileReference; lastKnownFileType = sourcecode.swift; path = FeatureCell.swift; sourceTree = "<group>"; };
		D91B41D621929939006B05D0 /* CategoryCell.swift */ = {isa = PBXFileReference; lastKnownFileType = sourcecode.swift; path = CategoryCell.swift; sourceTree = "<group>"; };
		D9AA1A322195D8770000584F /* SecondViewController.swift */ = {isa = PBXFileReference; lastKnownFileType = sourcecode.swift; path = SecondViewController.swift; sourceTree = "<group>"; };
		D9AA1A362195F5B50000584F /* ThirdViewController.swift */ = {isa = PBXFileReference; lastKnownFileType = sourcecode.swift; path = ThirdViewController.swift; sourceTree = "<group>"; };
		D9FA75672197C1AF00EC8F2A /* GoogleService-Info (3).plist */ = {isa = PBXFileReference; fileEncoding = 4; lastKnownFileType = text.plist.xml; path = "GoogleService-Info (3).plist"; sourceTree = "<group>"; };
		D9FA75692197CFBE00EC8F2A /* hoge.swift */ = {isa = PBXFileReference; lastKnownFileType = sourcecode.swift; path = hoge.swift; sourceTree = "<group>"; };
		D9FA756B2198132900EC8F2A /* ProductCell.swift */ = {isa = PBXFileReference; fileEncoding = 4; lastKnownFileType = sourcecode.swift; path = ProductCell.swift; sourceTree = "<group>"; };
/* End PBXFileReference section */

/* Begin PBXFrameworksBuildPhase section */
		D91B41B621927D35006B05D0 /* Frameworks */ = {
			isa = PBXFrameworksBuildPhase;
			buildActionMask = 2147483647;
			files = (
				E5A6AE53D8A5603B2A591893 /* Pods_Ecommerce_Home.framework in Frameworks */,
			);
			runOnlyForDeploymentPostprocessing = 0;
		};
/* End PBXFrameworksBuildPhase section */

/* Begin PBXGroup section */
		490044FE4D5CAA8C0D9936DA /* Pods */ = {
			isa = PBXGroup;
			children = (
				945714D8114B4E705454450A /* Pods-Ecommerce Home.debug.xcconfig */,
				2EEAC35E2F8E7C4163BF52ED /* Pods-Ecommerce Home.release.xcconfig */,
			);
			name = Pods;
			sourceTree = "<group>";
		};
		A33A55B972A2BA004CEEEBE8 /* Frameworks */ = {
			isa = PBXGroup;
			children = (
				8F331AC3E301A8D2C1A73719 /* Pods_Ecommerce_Home.framework */,
			);
			name = Frameworks;
			sourceTree = "<group>";
		};
		D91B41B021927D35006B05D0 = {
			isa = PBXGroup;
			children = (
				D91B41BB21927D35006B05D0 /* Ecommerce Home */,
				D91B41BA21927D35006B05D0 /* Products */,
				490044FE4D5CAA8C0D9936DA /* Pods */,
				A33A55B972A2BA004CEEEBE8 /* Frameworks */,
			);
			sourceTree = "<group>";
		};
		D91B41BA21927D35006B05D0 /* Products */ = {
			isa = PBXGroup;
			children = (
				D91B41B921927D35006B05D0 /* Ecommerce Home.app */,
			);
			name = Products;
			sourceTree = "<group>";
		};
		D91B41BB21927D35006B05D0 /* Ecommerce Home */ = {
			isa = PBXGroup;
			children = (
				D91B41BC21927D35006B05D0 /* AppDelegate.swift */,
				D91B41BE21927D35006B05D0 /* ViewController.swift */,
				D91B41C021927D35006B05D0 /* Main.storyboard */,
				D91B41C321927D35006B05D0 /* Assets.xcassets */,
				D91B41C521927D35006B05D0 /* LaunchScreen.storyboard */,
				D91B41C821927D35006B05D0 /* Info.plist */,
				D91B41CE21929827006B05D0 /* HomeTable.swift */,
				D91B41D02192987F006B05D0 /* ProductsCollection.swift */,
				D91B41D421929906006B05D0 /* FeatureCell.swift */,
				D9FA756B2198132900EC8F2A /* ProductCell.swift */,
				D9FA75692197CFBE00EC8F2A /* hoge.swift */,
				D91B41D621929939006B05D0 /* CategoryCell.swift */,
				D9FA75672197C1AF00EC8F2A /* GoogleService-Info (3).plist */,
				D9AA1A322195D8770000584F /* SecondViewController.swift */,
				D9AA1A362195F5B50000584F /* ThirdViewController.swift */,
				D90D56DC2197B29900FF646E /* sample1.jpg */,
			);
			path = "Ecommerce Home";
			sourceTree = "<group>";
		};
/* End PBXGroup section */

/* Begin PBXNativeTarget section */
		D91B41B821927D35006B05D0 /* Ecommerce Home */ = {
			isa = PBXNativeTarget;
			buildConfigurationList = D91B41CB21927D35006B05D0 /* Build configuration list for PBXNativeTarget "Ecommerce Home" */;
			buildPhases = (
				A2F021D79609162044B7A591 /* [CP] Check Pods Manifest.lock */,
				D91B41B521927D35006B05D0 /* Sources */,
				D91B41B621927D35006B05D0 /* Frameworks */,
				D91B41B721927D35006B05D0 /* Resources */,
				4B1584D5FF67B946599A6473 /* [CP] Embed Pods Frameworks */,
			);
			buildRules = (
			);
			dependencies = (
			);
			name = "Ecommerce Home";
			productName = "Ecommerce Home";
			productReference = D91B41B921927D35006B05D0 /* Ecommerce Home.app */;
			productType = "com.apple.product-type.application";
		};
/* End PBXNativeTarget section */

/* Begin PBXProject section */
		D91B41B121927D35006B05D0 /* Project object */ = {
			isa = PBXProject;
			attributes = {
				LastSwiftUpdateCheck = 1010;
				LastUpgradeCheck = 1010;
				ORGANIZATIONNAME = "hikaru nakamata";
				TargetAttributes = {
					D91B41B821927D35006B05D0 = {
						CreatedOnToolsVersion = 10.1;
					};
				};
			};
			buildConfigurationList = D91B41B421927D35006B05D0 /* Build configuration list for PBXProject "Ecommerce Home" */;
			compatibilityVersion = "Xcode 9.3";
			developmentRegion = en;
			hasScannedForEncodings = 0;
			knownRegions = (
				en,
				Base,
			);
			mainGroup = D91B41B021927D35006B05D0;
			productRefGroup = D91B41BA21927D35006B05D0 /* Products */;
			projectDirPath = "";
			projectRoot = "";
			targets = (
				D91B41B821927D35006B05D0 /* Ecommerce Home */,
			);
		};
/* End PBXProject section */

/* Begin PBXResourcesBuildPhase section */
		D91B41B721927D35006B05D0 /* Resources */ = {
			isa = PBXResourcesBuildPhase;
			buildActionMask = 2147483647;
			files = (
				D91B41C721927D35006B05D0 /* LaunchScreen.storyboard in Resources */,
				D90D56DD2197B29900FF646E /* sample1.jpg in Resources */,
				D91B41C421927D35006B05D0 /* Assets.xcassets in Resources */,
				D91B41C221927D35006B05D0 /* Main.storyboard in Resources */,
				D9FA75682197C1AF00EC8F2A /* GoogleService-Info (3).plist in Resources */,
			);
			runOnlyForDeploymentPostprocessing = 0;
		};
/* End PBXResourcesBuildPhase section */

/* Begin PBXShellScriptBuildPhase section */
		4B1584D5FF67B946599A6473 /* [CP] Embed Pods Frameworks */ = {
			isa = PBXShellScriptBuildPhase;
			buildActionMask = 2147483647;
			files = (
			);
			inputFileListPaths = (
			);
			inputPaths = (
				"${SRCROOT}/Pods/Target Support Files/Pods-Ecommerce Home/Pods-Ecommerce Home-frameworks.sh",
				"${BUILT_PRODUCTS_DIR}/GTMSessionFetcher/GTMSessionFetcher.framework",
				"${BUILT_PRODUCTS_DIR}/GoogleUtilities/GoogleUtilities.framework",
				"${BUILT_PRODUCTS_DIR}/SDWebImage/SDWebImage.framework",
				"${BUILT_PRODUCTS_DIR}/leveldb-library/leveldb.framework",
				"${BUILT_PRODUCTS_DIR}/nanopb/nanopb.framework",
			);
			name = "[CP] Embed Pods Frameworks";
			outputFileListPaths = (
			);
			outputPaths = (
				"${TARGET_BUILD_DIR}/${FRAMEWORKS_FOLDER_PATH}/GTMSessionFetcher.framework",
				"${TARGET_BUILD_DIR}/${FRAMEWORKS_FOLDER_PATH}/GoogleUtilities.framework",
				"${TARGET_BUILD_DIR}/${FRAMEWORKS_FOLDER_PATH}/SDWebImage.framework",
				"${TARGET_BUILD_DIR}/${FRAMEWORKS_FOLDER_PATH}/leveldb.framework",
				"${TARGET_BUILD_DIR}/${FRAMEWORKS_FOLDER_PATH}/nanopb.framework",
			);
			runOnlyForDeploymentPostprocessing = 0;
			shellPath = /bin/sh;
			shellScript = "\"${SRCROOT}/Pods/Target Support Files/Pods-Ecommerce Home/Pods-Ecommerce Home-frameworks.sh\"\n";
			showEnvVarsInLog = 0;
		};
		A2F021D79609162044B7A591 /* [CP] Check Pods Manifest.lock */ = {
			isa = PBXShellScriptBuildPhase;
			buildActionMask = 2147483647;
			files = (
			);
			inputFileListPaths = (
			);
			inputPaths = (
				"${PODS_PODFILE_DIR_PATH}/Podfile.lock",
				"${PODS_ROOT}/Manifest.lock",
			);
			name = "[CP] Check Pods Manifest.lock";
			outputFileListPaths = (
			);
			outputPaths = (
				"$(DERIVED_FILE_DIR)/Pods-Ecommerce Home-checkManifestLockResult.txt",
			);
			runOnlyForDeploymentPostprocessing = 0;
			shellPath = /bin/sh;
			shellScript = "diff \"${PODS_PODFILE_DIR_PATH}/Podfile.lock\" \"${PODS_ROOT}/Manifest.lock\" > /dev/null\nif [ $? != 0 ] ; then\n    # print error to STDERR\n    echo \"error: The sandbox is not in sync with the Podfile.lock. Run 'pod install' or update your CocoaPods installation.\" >&2\n    exit 1\nfi\n# This output is used by Xcode 'outputs' to avoid re-running this script phase.\necho \"SUCCESS\" > \"${SCRIPT_OUTPUT_FILE_0}\"\n";
			showEnvVarsInLog = 0;
		};
/* End PBXShellScriptBuildPhase section */

/* Begin PBXSourcesBuildPhase section */
		D91B41B521927D35006B05D0 /* Sources */ = {
			isa = PBXSourcesBuildPhase;
			buildActionMask = 2147483647;
			files = (
				D9AA1A332195D8770000584F /* SecondViewController.swift in Sources */,
				D9AA1A372195F5B50000584F /* ThirdViewController.swift in Sources */,
				D91B41BF21927D35006B05D0 /* ViewController.swift in Sources */,
				D91B41BD21927D35006B05D0 /* AppDelegate.swift in Sources */,
				D9FA756A2197CFBE00EC8F2A /* hoge.swift in Sources */,
				D91B41CF21929827006B05D0 /* HomeTable.swift in Sources */,
				D91B41D521929906006B05D0 /* FeatureCell.swift in Sources */,
				D9FA756C2198132900EC8F2A /* ProductCell.swift in Sources */,
				D91B41D12192987F006B05D0 /* ProductsCollection.swift in Sources */,
				D91B41D721929939006B05D0 /* CategoryCell.swift in Sources */,
			);
			runOnlyForDeploymentPostprocessing = 0;
		};
/* End PBXSourcesBuildPhase section */

/* Begin PBXVariantGroup section */
		D91B41C021927D35006B05D0 /* Main.storyboard */ = {
			isa = PBXVariantGroup;
			children = (
				D91B41C121927D35006B05D0 /* Base */,
			);
			name = Main.storyboard;
			sourceTree = "<group>";
		};
		D91B41C521927D35006B05D0 /* LaunchScreen.storyboard */ = {
			isa = PBXVariantGroup;
			children = (
				D91B41C621927D35006B05D0 /* Base */,
			);
			name = LaunchScreen.storyboard;
			sourceTree = "<group>";
		};
/* End PBXVariantGroup section */

/* Begin XCBuildConfiguration section */
		D91B41C921927D35006B05D0 /* Debug */ = {
			isa = XCBuildConfiguration;
			buildSettings = {
				ALWAYS_SEARCH_USER_PATHS = NO;
				CLANG_ANALYZER_NONNULL = YES;
				CLANG_ANALYZER_NUMBER_OBJECT_CONVERSION = YES_AGGRESSIVE;
				CLANG_CXX_LANGUAGE_STANDARD = "gnu++14";
				CLANG_CXX_LIBRARY = "libc++";
				CLANG_ENABLE_MODULES = YES;
				CLANG_ENABLE_OBJC_ARC = YES;
				CLANG_ENABLE_OBJC_WEAK = YES;
				CLANG_WARN_BLOCK_CAPTURE_AUTORELEASING = YES;
				CLANG_WARN_BOOL_CONVERSION = YES;
				CLANG_WARN_COMMA = YES;
				CLANG_WARN_CONSTANT_CONVERSION = YES;
				CLANG_WARN_DEPRECATED_OBJC_IMPLEMENTATIONS = YES;
				CLANG_WARN_DIRECT_OBJC_ISA_USAGE = YES_ERROR;
				CLANG_WARN_DOCUMENTATION_COMMENTS = YES;
				CLANG_WARN_EMPTY_BODY = YES;
				CLANG_WARN_ENUM_CONVERSION = YES;
				CLANG_WARN_INFINITE_RECURSION = YES;
				CLANG_WARN_INT_CONVERSION = YES;
				CLANG_WARN_NON_LITERAL_NULL_CONVERSION = YES;
				CLANG_WARN_OBJC_IMPLICIT_RETAIN_SELF = YES;
				CLANG_WARN_OBJC_LITERAL_CONVERSION = YES;
				CLANG_WARN_OBJC_ROOT_CLASS = YES_ERROR;
				CLANG_WARN_RANGE_LOOP_ANALYSIS = YES;
				CLANG_WARN_STRICT_PROTOTYPES = YES;
				CLANG_WARN_SUSPICIOUS_MOVE = YES;
				CLANG_WARN_UNGUARDED_AVAILABILITY = YES_AGGRESSIVE;
				CLANG_WARN_UNREACHABLE_CODE = YES;
				CLANG_WARN__DUPLICATE_METHOD_MATCH = YES;
				CODE_SIGN_IDENTITY = "iPhone Developer";
				COPY_PHASE_STRIP = NO;
				DEBUG_INFORMATION_FORMAT = dwarf;
				ENABLE_STRICT_OBJC_MSGSEND = YES;
				ENABLE_TESTABILITY = YES;
				GCC_C_LANGUAGE_STANDARD = gnu11;
				GCC_DYNAMIC_NO_PIC = NO;
				GCC_NO_COMMON_BLOCKS = YES;
				GCC_OPTIMIZATION_LEVEL = 0;
				GCC_PREPROCESSOR_DEFINITIONS = (
					"DEBUG=1",
					"$(inherited)",
				);
				GCC_WARN_64_TO_32_BIT_CONVERSION = YES;
				GCC_WARN_ABOUT_RETURN_TYPE = YES_ERROR;
				GCC_WARN_UNDECLARED_SELECTOR = YES;
				GCC_WARN_UNINITIALIZED_AUTOS = YES_AGGRESSIVE;
				GCC_WARN_UNUSED_FUNCTION = YES;
				GCC_WARN_UNUSED_VARIABLE = YES;
				IPHONEOS_DEPLOYMENT_TARGET = 12.1;
				MTL_ENABLE_DEBUG_INFO = INCLUDE_SOURCE;
				MTL_FAST_MATH = YES;
				ONLY_ACTIVE_ARCH = YES;
				SDKROOT = iphoneos;
				SWIFT_ACTIVE_COMPILATION_CONDITIONS = DEBUG;
				SWIFT_OPTIMIZATION_LEVEL = "-Onone";
			};
			name = Debug;
		};
		D91B41CA21927D35006B05D0 /* Release */ = {
			isa = XCBuildConfiguration;
			buildSettings = {
				ALWAYS_SEARCH_USER_PATHS = NO;
				CLANG_ANALYZER_NONNULL = YES;
				CLANG_ANALYZER_NUMBER_OBJECT_CONVERSION = YES_AGGRESSIVE;
				CLANG_CXX_LANGUAGE_STANDARD = "gnu++14";
				CLANG_CXX_LIBRARY = "libc++";
				CLANG_ENABLE_MODULES = YES;
				CLANG_ENABLE_OBJC_ARC = YES;
				CLANG_ENABLE_OBJC_WEAK = YES;
				CLANG_WARN_BLOCK_CAPTURE_AUTORELEASING = YES;
				CLANG_WARN_BOOL_CONVERSION = YES;
				CLANG_WARN_COMMA = YES;
				CLANG_WARN_CONSTANT_CONVERSION = YES;
				CLANG_WARN_DEPRECATED_OBJC_IMPLEMENTATIONS = YES;
				CLANG_WARN_DIRECT_OBJC_ISA_USAGE = YES_ERROR;
				CLANG_WARN_DOCUMENTATION_COMMENTS = YES;
				CLANG_WARN_EMPTY_BODY = YES;
				CLANG_WARN_ENUM_CONVERSION = YES;
				CLANG_WARN_INFINITE_RECURSION = YES;
				CLANG_WARN_INT_CONVERSION = YES;
				CLANG_WARN_NON_LITERAL_NULL_CONVERSION = YES;
				CLANG_WARN_OBJC_IMPLICIT_RETAIN_SELF = YES;
				CLANG_WARN_OBJC_LITERAL_CONVERSION = YES;
				CLANG_WARN_OBJC_ROOT_CLASS = YES_ERROR;
				CLANG_WARN_RANGE_LOOP_ANALYSIS = YES;
				CLANG_WARN_STRICT_PROTOTYPES = YES;
				CLANG_WARN_SUSPICIOUS_MOVE = YES;
				CLANG_WARN_UNGUARDED_AVAILABILITY = YES_AGGRESSIVE;
				CLANG_WARN_UNREACHABLE_CODE = YES;
				CLANG_WARN__DUPLICATE_METHOD_MATCH = YES;
				CODE_SIGN_IDENTITY = "iPhone Developer";
				COPY_PHASE_STRIP = NO;
				DEBUG_INFORMATION_FORMAT = "dwarf-with-dsym";
				ENABLE_NS_ASSERTIONS = NO;
				ENABLE_STRICT_OBJC_MSGSEND = YES;
				GCC_C_LANGUAGE_STANDARD = gnu11;
				GCC_NO_COMMON_BLOCKS = YES;
				GCC_WARN_64_TO_32_BIT_CONVERSION = YES;
				GCC_WARN_ABOUT_RETURN_TYPE = YES_ERROR;
				GCC_WARN_UNDECLARED_SELECTOR = YES;
				GCC_WARN_UNINITIALIZED_AUTOS = YES_AGGRESSIVE;
				GCC_WARN_UNUSED_FUNCTION = YES;
				GCC_WARN_UNUSED_VARIABLE = YES;
				IPHONEOS_DEPLOYMENT_TARGET = 12.1;
				MTL_ENABLE_DEBUG_INFO = NO;
				MTL_FAST_MATH = YES;
				SDKROOT = iphoneos;
				SWIFT_COMPILATION_MODE = wholemodule;
				SWIFT_OPTIMIZATION_LEVEL = "-O";
				VALIDATE_PRODUCT = YES;
			};
			name = Release;
		};
		D91B41CC21927D35006B05D0 /* Debug */ = {
			isa = XCBuildConfiguration;
			baseConfigurationReference = 945714D8114B4E705454450A /* Pods-Ecommerce Home.debug.xcconfig */;
			buildSettings = {
				ASSETCATALOG_COMPILER_APPICON_NAME = AppIcon;
				CODE_SIGN_STYLE = Automatic;
				DEVELOPMENT_TEAM = 446Z3L4A3P;
				INFOPLIST_FILE = "Ecommerce Home/Info.plist";
				LD_RUNPATH_SEARCH_PATHS = (
					"$(inherited)",
					"@executable_path/Frameworks",
				);
				PRODUCT_BUNDLE_IDENTIFIER = "hikaru.Ecommerce-Home00";
				PRODUCT_NAME = "$(TARGET_NAME)";
				SWIFT_VERSION = 4.2;
				TARGETED_DEVICE_FAMILY = "1,2";
			};
			name = Debug;
		};
		D91B41CD21927D35006B05D0 /* Release */ = {
			isa = XCBuildConfiguration;
			baseConfigurationReference = 2EEAC35E2F8E7C4163BF52ED /* Pods-Ecommerce Home.release.xcconfig */;
			buildSettings = {
				ASSETCATALOG_COMPILER_APPICON_NAME = AppIcon;
				CODE_SIGN_STYLE = Automatic;
				DEVELOPMENT_TEAM = 446Z3L4A3P;
				INFOPLIST_FILE = "Ecommerce Home/Info.plist";
				LD_RUNPATH_SEARCH_PATHS = (
					"$(inherited)",
					"@executable_path/Frameworks",
				);
				PRODUCT_BUNDLE_IDENTIFIER = "hikaru.Ecommerce-Home00";
				PRODUCT_NAME = "$(TARGET_NAME)";
				SWIFT_VERSION = 4.2;
				TARGETED_DEVICE_FAMILY = "1,2";
			};
			name = Release;
		};
/* End XCBuildConfiguration section */

/* Begin XCConfigurationList section */
		D91B41B421927D35006B05D0 /* Build configuration list for PBXProject "Ecommerce Home" */ = {
			isa = XCConfigurationList;
			buildConfigurations = (
				D91B41C921927D35006B05D0 /* Debug */,
				D91B41CA21927D35006B05D0 /* Release */,
			);
			defaultConfigurationIsVisible = 0;
			defaultConfigurationName = Release;
		};
		D91B41CB21927D35006B05D0 /* Build configuration list for PBXNativeTarget "Ecommerce Home" */ = {
			isa = XCConfigurationList;
			buildConfigurations = (
				D91B41CC21927D35006B05D0 /* Debug */,
				D91B41CD21927D35006B05D0 /* Release */,
			);
			defaultConfigurationIsVisible = 0;
			defaultConfigurationName = Release;
		};
/* End XCConfigurationList section */
	};
	rootObject = D91B41B121927D35006B05D0 /* Project object */;
}
